{
  "originHash" : "7536aee57753461f2931b0bec47cf100112a091e6c7dac381a705d4bf687e685",
  "pins" : [
    {
      "identity" : "humanspeech",
      "kind" : "remoteSourceControl",
      "location" : "https://github.com/daniellealpimenta/HumanSpeech.git",
      "state" : {
        "branch" : "test3",
        "revision" : "dec5f89b81d2c7200218ca014cac4234ca2968b6"
      }
    }
  ],
  "version" : 3
}
